
Microsoft Visual Studio Solution File, Format Version 12.00
# Visual Studio Version 17
VisualStudioVersion = 17.10.34928.147
MinimumVisualStudioVersion = 10.0.40219.1
Project("{FAE04EC0-301F-11D3-BF4B-00C04F79EFBC}") = "FutbolClub", "FutbolClub\FutbolClub.csproj", "{4D1E6767-8D41-48A7-9197-6E08ADA36E8E}"
EndProject
Global
	GlobalSection(SolutionConfigurationPlatforms) = preSolution
		Debug|Any CPU = Debug|Any CPU
		Release|Any CPU = Release|Any CPU
	EndGlobalSection
	GlobalSection(ProjectConfigurationPlatforms) = postSolution
		{4D1E6767-8D41-48A7-9197-6E08ADA36E8E}.Debug|Any CPU.ActiveCfg = Debug|Any CPU
		{4D1E6767-8D41-48A7-9197-6E08ADA36E8E}.Debug|Any CPU.Build.0 = Debug|Any CPU
		{4D1E6767-8D41-48A7-9197-6E08ADA36E8E}.Release|Any CPU.ActiveCfg = Release|Any CPU
		{4D1E6767-8D41-48A7-9197-6E08ADA36E8E}.Release|Any CPU.Build.0 = Release|Any CPU
	EndGlobalSection
	GlobalSection(SolutionProperties) = preSolution
		HideSolutionNode = FALSE
	EndGlobalSection
	GlobalSection(ExtensibilityGlobals) = postSolution
		SolutionGuid = {7AB1BD1D-252B-4B8F-923A-8E8CBB7001BD}
	EndGlobalSection
EndGlobal
